
Microsoft Visual Studio Solution File, Format Version 12.00
# Visual Studio 15
VisualStudioVersion = 15.0.26730.16
MinimumVisualStudioVersion = 10.0.40219.1
Project("{FAE04EC0-301F-11D3-BF4B-00C04F79EFBC}") = "MultiPortBreakDown", "MultiPortBreakDown\MultiPortBreakDown.csproj", "{8B397CE2-7E4B-4CF9-A02B-36A661AD2141}"
EndProject
Global
	GlobalSection(SolutionConfigurationPlatforms) = preSolution
		Debug|Any CPU = Debug|Any CPU
		Release|Any CPU = Release|Any CPU
	EndGlobalSection
	GlobalSection(ProjectConfigurationPlatforms) = postSolution
		{8B397CE2-7E4B-4CF9-A02B-36A661AD2141}.Debug|Any CPU.ActiveCfg = Debug|Any CPU
		{8B397CE2-7E4B-4CF9-A02B-36A661AD2141}.Debug|Any CPU.Build.0 = Debug|Any CPU
		{8B397CE2-7E4B-4CF9-A02B-36A661AD2141}.Release|Any CPU.ActiveCfg = Release|Any CPU
		{8B397CE2-7E4B-4CF9-A02B-36A661AD2141}.Release|Any CPU.Build.0 = Release|Any CPU
	EndGlobalSection
	GlobalSection(SolutionProperties) = preSolution
		HideSolutionNode = FALSE
	EndGlobalSection
	GlobalSection(ExtensibilityGlobals) = postSolution
		SolutionGuid = {C44528FF-4F4B-4D41-AC76-A630F0D1C9A7}
	EndGlobalSection
EndGlobal
